{
  "name": "amu-tooling",
  "lockfileVersion": 3,
  "requires": true,
  "packages": {
    "": {
      "name": "amu-tooling",
      "dependencies": {
        "@noble/hashes": "2.4.0",
        "workerd": "1.20260924.1"
      },
      "devDependencies": {
        "@playwright/test": "1.62.1",
        "nbb": "git+https://github.com/kotoba-lang/org-babashka-nbb.git#829f0ba11016e925001d80e51f12848c4ad58112"
      },
      "optionalDependencies": {
        "workerd": "1.20260924.1"
      }
    },
    "node_modules/@cloudflare/workerd-darwin-64": {
      "version": "1.20260924.1",
      "resolved": "https://registry.npmjs.org/@cloudflare/workerd-darwin-64/-/workerd-darwin-64-1.20260924.1.tgz",
      "integrity": "sha512-OIflQWQkhkzbsFRUBU8IPI06NWNW99wDWEAZtFOZU8kXhH8BYzDaX3HZqBtD0tnQO5qklBHdNseYaNWokOGLFw==",
      "cpu": [
        "x64"
      ],
      "license": "Apache-2.0",
      "optional": true,
      "os": [
        "darwin"
      ],
      "engines": {
        "node": ">=16"
      }
    },
    "node_modules/@cloudflare/workerd-darwin-arm64": {
      "version": "1.20260924.1",
      "resolved": "https://registry.npmjs.org/@cloudflare/workerd-darwin-arm64/-/workerd-darwin-arm64-1.20260924.1.tgz",
      "integrity": "sha512-SKpCvVOyFxMmBMdNzBbxPw+cdTTQtLcXyTJGynZ4QYb8Bqqiru08vI+xpuOq+83RDjq5IkRowYayMdeaFQEHwg==",
      "cpu": [
        "arm64"
      ],
      "license": "Apache-2.0",
      "optional": true,
      "os": [
        "darwin"
      ],
      "engines": {
        "node": ">=16"
      }
    },
    "node_modules/@cloudflare/workerd-linux-64": {
      "version": "1.20260924.1",
      "resolved": "https://registry.npmjs.org/@cloudflare/workerd-linux-64/-/workerd-linux-64-1.20260924.1.tgz",
      "integrity": "sha512-pe96BKJ919Lp00jgRnibzgDs2Ke1HrzM3wvip8r0Qm6/rOlQdcBp4O5HIIn27aYeBpG9/Txgil3yxXcKIRM4bw==",
      "cpu": [
        "x64"
      ],
      "license": "Apache-2.0",
      "optional": true,
      "os": [
        "linux"
      ],
      "engines": {
        "node": ">=16"
      }
    },
    "node_modules/@cloudflare/workerd-linux-arm64": {
      "version": "1.20260924.1",
      "resolved": "https://registry.npmjs.org/@cloudflare/workerd-linux-arm64/-/workerd-linux-arm64-1.20260924.1.tgz",
      "integrity": "sha512-WQ16r9ZmrcTH4tNWg6Fv23jnv5VAWWjUfq0wuyIwQbQDZfaHS0pPJkJjZ5fEXUaVUYsHn3kdpTcGzDXVzfmDpg==",
      "cpu": [
        "arm64"
      ],
      "license": "Apache-2.0",
      "optional": true,
      "os": [
        "linux"
      ],
      "engines": {
        "node": ">=16"
      }
    },
    "node_modules/@cloudflare/workerd-windows-64": {
      "version": "1.20260924.1",
      "resolved": "https://registry.npmjs.org/@cloudflare/workerd-windows-64/-/workerd-windows-64-1.20260924.1.tgz",
      "integrity": "sha512-O7ksqniQ9fknn7yUZN63wIYMW2zd+poflMHfrBLqFDTb6XZwI0nVU7nX7XGcH1YFl1UQ87NG48/mt04Vy8mEuQ==",
      "cpu": [
        "x64"
      ],
      "license": "Apache-2.0",
      "optional": true,
      "os": [
        "win32"
      ],
      "engines": {
        "node": ">=16"
      }
    },
    "node_modules/@noble/hashes": {
      "version": "2.4.0",
      "resolved": "https://registry.npmjs.org/@noble/hashes/-/hashes-2.4.0.tgz",
      "integrity": "sha512-X5XaVWZIBCT7HHZGm5I7ZQXDwLG+bGXuSrMQAW+7Zvl87h1kmc1ZB1VSRJcpUfoUrGQp4Fkoxm5kZ+Ms+aW+eA==",
      "license": "MIT",
      "engines": {
        "node": ">= 20.19.0"
      },
      "funding": {
        "url": "https://paulmillr.com/funding/"
      }
    },
    "node_modules/@playwright/test": {
      "version": "1.62.1",
      "resolved": "https://registry.npmjs.org/@playwright/test/-/test-1.62.1.tgz",
      "integrity": "sha512-DTcUc8qii+cpHvtOwggMtBRMjKZHXYWdw8syRYu2vtzuq4Wxphqq4NfCs5Zt44L6mA8rfDfj+PHnxFc/FeK6mQ==",
      "dev": true,
      "license": "Apache-2.0",
      "dependencies": {
        "playwright": "1.62.1"
      },
      "bin": {
        "playwright": "cli.js"
      },
      "engines": {
        "node": ">=20"
      }
    },
    "node_modules/fsevents": {
      "version": "2.3.2",
      "resolved": "https://registry.npmjs.org/fsevents/-/fsevents-2.3.2.tgz",
      "integrity": "sha512-xiqMQR4xAeHTuB9uWm+fFRcIOgKBMiOBP+eXiyT7jsgVCq1bkVygt00oASowB7EdtpOHaaPgKt812P9ab+DDKA==",
      "dev": true,
      "hasInstallScript": true,
      "license": "MIT",
      "optional": true,
      "os": [
        "darwin"
      ],
      "engines": {
        "node": "^8.16.0 || ^10.6.0 || >=11.0.0"
      }
    },
    "node_modules/import-meta-resolve": {
      "version": "4.2.0",
      "resolved": "https://registry.npmjs.org/import-meta-resolve/-/import-meta-resolve-4.2.0.tgz",
      "integrity": "sha512-Iqv2fzaTQN28s/FwZAoFq0ZSs/7hMAHJVX+w8PZl3cY19Pxk6jFFalxQoIfW2826i/fDLXv8IiEZRIT0lDuWcg==",
      "dev": true,
      "license": "MIT",
      "funding": {
        "type": "github",
        "url": "https://github.com/sponsors/wooorm"
      }
    },
    "node_modules/nbb": {
      "version": "1.5.212-cljk.1",
      "resolved": "git+ssh://git@github.com/kotoba-lang/org-babashka-nbb.git#829f0ba11016e925001d80e51f12848c4ad58112",
      "integrity": "sha512-3b5fgygDqUz/KHG94Eaer2GIK0QV/kVNuzh0fTJrXOvS7BfGdjp/FjwgwltUOmkNuRIVMeQC+7gZ8xwaPalfUw==",
      "dev": true,
      "license": "EPL-1.0",
      "dependencies": {
        "import-meta-resolve": "^4.1.0"
      },
      "bin": {
        "nbb": "cli.js",
        "nbbun": "nbbun.js"
      }
    },
    "node_modules/playwright": {
      "version": "1.62.1",
      "resolved": "https://registry.npmjs.org/playwright/-/playwright-1.62.1.tgz",
      "integrity": "sha512-0M+L3LAD8/nm554LOla9Ayx0j0tmFZ0FBcoQ7F1VuVHpM/XpiC8RcDzBQB8W5+hA8L22THxELzeF+2WcUzvcLg==",
      "dev": true,
      "license": "Apache-2.0",
      "dependencies": {
        "playwright-core": "1.62.1"
      },
      "bin": {
        "playwright": "cli.js"
      },
      "engines": {
        "node": ">=20"
      },
      "optionalDependencies": {
        "fsevents": "2.3.2"
      }
    },
    "node_modules/playwright-core": {
      "version": "1.62.1",
      "resolved": "https://registry.npmjs.org/playwright-core/-/playwright-core-1.62.1.tgz",
      "integrity": "sha512-wPYSwEBJY9GHraISXqyqtx0na0LpO3XEX7jNDhntbex7tzUS7kLnZsOlFruFJB4Hi/rhDMjXGqHewDZ68nYZVw==",
      "dev": true,
      "license": "Apache-2.0",
      "bin": {
        "playwright-core": "cli.js"
      },
      "engines": {
        "node": ">=20"
      }
    },
    "node_modules/workerd": {
      "version": "1.20260924.1",
      "resolved": "https://registry.npmjs.org/workerd/-/workerd-1.20260924.1.tgz",
      "integrity": "sha512-uafggYbSNnGaO1Xoa6xX9mNIOU6Pu0EtKD6bg/FTLOztZsOpXTFtAUWKptk4SumYqBwuXZtO1/Gxv3P07QX6uA==",
      "hasInstallScript": true,
      "license": "Apache-2.0",
      "optional": true,
      "bin": {
        "workerd": "bin/workerd"
      },
      "engines": {
        "node": ">=16"
      },
      "optionalDependencies": {
        "@cloudflare/workerd-darwin-64": "1.20260924.1",
        "@cloudflare/workerd-darwin-arm64": "1.20260924.1",
        "@cloudflare/workerd-linux-64": "1.20260924.1",
        "@cloudflare/workerd-linux-arm64": "1.20260924.1",
        "@cloudflare/workerd-windows-64": "1.20260924.1"
      }
    }
  }
}
