{
  "name": "amu-tooling",
  "lockfileVersion": 3,
  "requires": true,
  "packages": {
    "": {
      "name": "amu-tooling",
      "devDependencies": {
        "@playwright/test": "1.62.1",
        "nbb": "1.5.211"
      },
      "optionalDependencies": {
        "workerd": "1.20260827.1"
      }
    },
    "node_modules/@cloudflare/workerd-darwin-64": {
      "version": "1.20260827.1",
      "resolved": "https://registry.npmjs.org/@cloudflare/workerd-darwin-64/-/workerd-darwin-64-1.20260827.1.tgz",
      "integrity": "sha512-MFs372EfUojVoTanVJ2ZSQdXJ9poszHREwTNJTlmKRE8akq92SguzSvA6o39qUbDGZh5Jr6qKteJhuFAOHWbVw==",
      "cpu": [
        "x64"
      ],
      "license": "Apache-2.0",
      "optional": true,
      "os": [
        "darwin"
      ],
      "engines": {
        "node": ">=16"
      }
    },
    "node_modules/@cloudflare/workerd-darwin-arm64": {
      "version": "1.20260827.1",
      "resolved": "https://registry.npmjs.org/@cloudflare/workerd-darwin-arm64/-/workerd-darwin-arm64-1.20260827.1.tgz",
      "integrity": "sha512-y8Vj9xFYvFoULhxTADnoaVM3ml2jLlp/VtbB90Ez3ke2bfI/qrV2h0SBIoJEVHnSLDPU/5M5wH9kUzR7BJOrOQ==",
      "cpu": [
        "arm64"
      ],
      "license": "Apache-2.0",
      "optional": true,
      "os": [
        "darwin"
      ],
      "engines": {
        "node": ">=16"
      }
    },
    "node_modules/@cloudflare/workerd-linux-64": {
      "version": "1.20260827.1",
      "resolved": "https://registry.npmjs.org/@cloudflare/workerd-linux-64/-/workerd-linux-64-1.20260827.1.tgz",
      "integrity": "sha512-5aqzaBdLJOB5uT8lStam2dTn+HhmkLU6APOgqvuvoHzBiIEqRk8BuYj+76hnf7lv5qqwLWtdbPioqeS/D9C8zg==",
      "cpu": [
        "x64"
      ],
      "license": "Apache-2.0",
      "optional": true,
      "os": [
        "linux"
      ],
      "engines": {
        "node": ">=16"
      }
    },
    "node_modules/@cloudflare/workerd-linux-arm64": {
      "version": "1.20260827.1",
      "resolved": "https://registry.npmjs.org/@cloudflare/workerd-linux-arm64/-/workerd-linux-arm64-1.20260827.1.tgz",
      "integrity": "sha512-ezVqUrzKOoA/9y51rmHW64nWQOIi8QvtEOBCxV56RZ6BDdaC2DCseHTEM956bXXzbcmZgp2um5MXrnhVO3/Pvw==",
      "cpu": [
        "arm64"
      ],
      "license": "Apache-2.0",
      "optional": true,
      "os": [
        "linux"
      ],
      "engines": {
        "node": ">=16"
      }
    },
    "node_modules/@cloudflare/workerd-windows-64": {
      "version": "1.20260827.1",
      "resolved": "https://registry.npmjs.org/@cloudflare/workerd-windows-64/-/workerd-windows-64-1.20260827.1.tgz",
      "integrity": "sha512-Tb+hKDp6fK3qso24fQOVKyx3+GUZbeEyPU3IbRLhNHSdooEFzTpXRIJ0Vcbr5VO13eBKCJKLYp0Bwr4FU2+sAQ==",
      "cpu": [
        "x64"
      ],
      "license": "Apache-2.0",
      "optional": true,
      "os": [
        "win32"
      ],
      "engines": {
        "node": ">=16"
      }
    },
    "node_modules/@playwright/test": {
      "version": "1.62.1",
      "resolved": "https://registry.npmjs.org/@playwright/test/-/test-1.62.1.tgz",
      "integrity": "sha512-DTcUc8qii+cpHvtOwggMtBRMjKZHXYWdw8syRYu2vtzuq4Wxphqq4NfCs5Zt44L6mA8rfDfj+PHnxFc/FeK6mQ==",
      "dev": true,
      "license": "Apache-2.0",
      "dependencies": {
        "playwright": "1.62.1"
      },
      "bin": {
        "playwright": "cli.js"
      },
      "engines": {
        "node": ">=20"
      }
    },
    "node_modules/fsevents": {
      "version": "2.3.2",
      "resolved": "https://registry.npmjs.org/fsevents/-/fsevents-2.3.2.tgz",
      "integrity": "sha512-xiqMQR4xAeHTuB9uWm+fFRcIOgKBMiOBP+eXiyT7jsgVCq1bkVygt00oASowB7EdtpOHaaPgKt812P9ab+DDKA==",
      "dev": true,
      "hasInstallScript": true,
      "license": "MIT",
      "optional": true,
      "os": [
        "darwin"
      ],
      "engines": {
        "node": "^8.16.0 || ^10.6.0 || >=11.0.0"
      }
    },
    "node_modules/import-meta-resolve": {
      "version": "4.2.0",
      "resolved": "https://registry.npmjs.org/import-meta-resolve/-/import-meta-resolve-4.2.0.tgz",
      "integrity": "sha512-Iqv2fzaTQN28s/FwZAoFq0ZSs/7hMAHJVX+w8PZl3cY19Pxk6jFFalxQoIfW2826i/fDLXv8IiEZRIT0lDuWcg==",
      "dev": true,
      "license": "MIT",
      "funding": {
        "type": "github",
        "url": "https://github.com/sponsors/wooorm"
      }
    },
    "node_modules/nbb": {
      "version": "1.5.211",
      "resolved": "https://registry.npmjs.org/nbb/-/nbb-1.5.211.tgz",
      "integrity": "sha512-VgOlYvseeVYuDCAk5ehzAFZlNBu12gygZcIF2gRBFbNvCH5mMJlghvj8ag5gDZVNZ3AnorxWGAENMmcdVhIISQ==",
      "dev": true,
      "license": "EPL-1.0",
      "dependencies": {
        "import-meta-resolve": "^4.1.0"
      },
      "bin": {
        "nbb": "cli.js",
        "nbbun": "nbbun.js"
      }
    },
    "node_modules/playwright": {
      "version": "1.62.1",
      "resolved": "https://registry.npmjs.org/playwright/-/playwright-1.62.1.tgz",
      "integrity": "sha512-0M+L3LAD8/nm554LOla9Ayx0j0tmFZ0FBcoQ7F1VuVHpM/XpiC8RcDzBQB8W5+hA8L22THxELzeF+2WcUzvcLg==",
      "dev": true,
      "license": "Apache-2.0",
      "dependencies": {
        "playwright-core": "1.62.1"
      },
      "bin": {
        "playwright": "cli.js"
      },
      "engines": {
        "node": ">=20"
      },
      "optionalDependencies": {
        "fsevents": "2.3.2"
      }
    },
    "node_modules/playwright-core": {
      "version": "1.62.1",
      "resolved": "https://registry.npmjs.org/playwright-core/-/playwright-core-1.62.1.tgz",
      "integrity": "sha512-wPYSwEBJY9GHraISXqyqtx0na0LpO3XEX7jNDhntbex7tzUS7kLnZsOlFruFJB4Hi/rhDMjXGqHewDZ68nYZVw==",
      "dev": true,
      "license": "Apache-2.0",
      "bin": {
        "playwright-core": "cli.js"
      },
      "engines": {
        "node": ">=20"
      }
    },
    "node_modules/workerd": {
      "version": "1.20260827.1",
      "resolved": "https://registry.npmjs.org/workerd/-/workerd-1.20260827.1.tgz",
      "integrity": "sha512-c+49DDKHOL9E1WKiwalYXgXeJ4FSHEa3u2Z5bcMtlR6I4wkkQet7+dMBJnU9t6yF37bo4OAUV+n0/HjGMP1skw==",
      "hasInstallScript": true,
      "license": "Apache-2.0",
      "optional": true,
      "bin": {
        "workerd": "bin/workerd"
      },
      "engines": {
        "node": ">=16"
      },
      "optionalDependencies": {
        "@cloudflare/workerd-darwin-64": "1.20260827.1",
        "@cloudflare/workerd-darwin-arm64": "1.20260827.1",
        "@cloudflare/workerd-linux-64": "1.20260827.1",
        "@cloudflare/workerd-linux-arm64": "1.20260827.1",
        "@cloudflare/workerd-windows-64": "1.20260827.1"
      }
    }
  }
}
